{
  "version": 4,
  "terraform_version": "1.4.5",
  "serial": 206,
  "lineage": "4a5372d0-a70a-13ac-cc10-f61597412610",
  "outputs": {
    "db-address": {
      "value": "terraform-20230419044406428000000001.c9ja4y5bxiq7.us-east-2.rds.amazonaws.com",
      "type": "string"
    },
    "ip": {
      "value": "3.140.198.153",
      "type": "string"
    }
  },
  "resources": [
    {
      "mode": "data",
      "type": "template_file",
      "name": "user_data",
      "provider": "provider[\"registry.terraform.io/hashicorp/template\"]",
      "instances": [
        {
          "schema_version": 0,
          "attributes": {
            "filename": null,
            "id": "e6c34401f20e7a44f3057e2d0498715b2ad12908ef476af42b0fbd1803085910",
            "rendered": "#!/bin/bash\n\n# varaible will be populated by terraform template\ndb_RDS=terraform-20230419044406428000000001.c9ja4y5bxiq7.us-east-2.rds.amazonaws.com\n\necho export DB_HOSTNAME=$db_RDS | sudo tee -a /etc/profile\n\n\n\n\n\n\n\n",
            "template": "#!/bin/bash\n\n# varaible will be populated by terraform template\ndb_RDS=${db_RDS}\n\necho export DB_HOSTNAME=$db_RDS | sudo tee -a /etc/profile\n\n\n\n\n\n\n\n",
            "vars": {
              "db_RDS": "terraform-20230419044406428000000001.c9ja4y5bxiq7.us-east-2.rds.amazonaws.com"
            }
          },
          "sensitive_attributes": []
        }
      ]
    },
    {
      "mode": "managed",
      "type": "aws_db_instance",
      "name": "photogallery",
      "provider": "provider[\"registry.terraform.io/hashicorp/aws\"]",
      "instances": [
        {
          "schema_version": 1,
          "attributes": {
            "address": "terraform-20230419044406428000000001.c9ja4y5bxiq7.us-east-2.rds.amazonaws.com",
            "allocated_storage": 10,
            "allow_major_version_upgrade": null,
            "apply_immediately": false,
            "arn": "arn:aws:rds:us-east-2:180754514844:db:terraform-20230419044406428000000001",
            "auto_minor_version_upgrade": true,
            "availability_zone": "us-east-2b",
            "backup_retention_period": 0,
            "backup_window": "08:49-09:19",
            "blue_green_update": [],
            "ca_cert_identifier": "rds-ca-2019",
            "character_set_name": "",
            "copy_tags_to_snapshot": false,
            "custom_iam_instance_profile": "",
            "customer_owned_ip_enabled": false,
            "db_name": "photodbs",
            "db_subnet_group_name": "default",
            "delete_automated_backups": true,
            "deletion_protection": false,
            "domain": "",
            "domain_iam_role_name": "",
            "enabled_cloudwatch_logs_exports": null,
            "endpoint": "terraform-20230419044406428000000001.c9ja4y5bxiq7.us-east-2.rds.amazonaws.com:3306",
            "engine": "mysql",
            "engine_version": "5.7",
            "engine_version_actual": "5.7.41",
            "final_snapshot_identifier": null,
            "hosted_zone_id": "Z2XHWR1WZ565X2",
            "iam_database_authentication_enabled": false,
            "id": "terraform-20230419044406428000000001",
            "identifier": "terraform-20230419044406428000000001",
            "identifier_prefix": "terraform-",
            "instance_class": "db.t3.micro",
            "iops": 0,
            "kms_key_id": "",
            "latest_restorable_time": "",
            "license_model": "general-public-license",
            "listener_endpoint": [],
            "maintenance_window": "tue:07:08-tue:07:38",
            "manage_master_user_password": null,
            "master_user_secret": [],
            "master_user_secret_kms_key_id": null,
            "max_allocated_storage": 0,
            "monitoring_interval": 0,
            "monitoring_role_arn": "",
            "multi_az": false,
            "name": "photodbs",
            "nchar_character_set_name": "",
            "network_type": "IPV4",
            "option_group_name": "default:mysql-5-7",
            "parameter_group_name": "default.mysql5.7",
            "password": "photo123",
            "performance_insights_enabled": false,
            "performance_insights_kms_key_id": "",
            "performance_insights_retention_period": 0,
            "port": 3306,
            "publicly_accessible": false,
            "replica_mode": "",
            "replicas": [],
            "replicate_source_db": "",
            "resource_id": "db-M6QS6B2WDSP2XRO3UBSJTZPDCQ",
            "restore_to_point_in_time": [],
            "s3_import": [],
            "security_group_names": null,
            "skip_final_snapshot": true,
            "snapshot_identifier": null,
            "status": "available",
            "storage_encrypted": false,
            "storage_throughput": 0,
            "storage_type": "gp2",
            "tags": {
              "Name": "photogallery"
            },
            "tags_all": {
              "Name": "photogallery"
            },
            "timeouts": null,
            "timezone": "",
            "username": "photogallery",
            "vpc_security_group_ids": [
              "sg-079126f65c89121ea"
            ]
          },
          "sensitive_attributes": [],
          "private": "eyJlMmJmYjczMC1lY2FhLTExZTYtOGY4OC0zNDM2M2JjN2M0YzAiOnsiY3JlYXRlIjoyNDAwMDAwMDAwMDAwLCJkZWxldGUiOjM2MDAwMDAwMDAwMDAsInVwZGF0ZSI6NDgwMDAwMDAwMDAwMH0sInNjaGVtYV92ZXJzaW9uIjoiMSJ9",
          "dependencies": [
            "aws_security_group.allow-mysql",
            "aws_security_group.photogallery"
          ]
        }
      ]
    },
    {
      "mode": "managed",
      "type": "aws_iam_instance_profile",
      "name": "s3-mybucket-role-instanceprofile",
      "provider": "provider[\"registry.terraform.io/hashicorp/aws\"]",
      "instances": [
        {
          "schema_version": 0,
          "attributes": {
            "arn": "arn:aws:iam::180754514844:instance-profile/s3-mybucket-role",
            "create_date": "2023-04-18T20:09:49Z",
            "id": "s3-mybucket-role",
            "name": "s3-mybucket-role",
            "name_prefix": "",
            "path": "/",
            "role": "s3-mybucket-role",
            "tags": {},
            "tags_all": {},
            "unique_id": "AIPASUFOPAOONG6RRUNP7"
          },
          "sensitive_attributes": [],
          "private": "bnVsbA==",
          "dependencies": [
            "aws_iam_role.s3-mybucket-role"
          ]
        }
      ]
    },
    {
      "mode": "managed",
      "type": "aws_iam_role",
      "name": "s3-mybucket-role",
      "provider": "provider[\"registry.terraform.io/hashicorp/aws\"]",
      "instances": [
        {
          "schema_version": 0,
          "attributes": {
            "arn": "arn:aws:iam::180754514844:role/s3-mybucket-role",
            "assume_role_policy": "{\"Statement\":[{\"Action\":\"sts:AssumeRole\",\"Effect\":\"Allow\",\"Principal\":{\"Service\":\"ec2.amazonaws.com\"},\"Sid\":\"\"}],\"Version\":\"2012-10-17\"}",
            "create_date": "2023-04-18T20:09:49Z",
            "description": "",
            "force_detach_policies": false,
            "id": "s3-mybucket-role",
            "inline_policy": [
              {
                "name": "s3-mybucket-role-policy",
                "policy": "{\"Version\":\"2012-10-17\",\"Statement\":[{\"Action\":[\"s3:*\"],\"Effect\":\"Allow\",\"Resource\":[\"arn:aws:s3:::photobucket-team2-cs4803\",\"arn:aws:s3:::photobucket-team2-cs4803/*\"]}]}"
              }
            ],
            "managed_policy_arns": [],
            "max_session_duration": 3600,
            "name": "s3-mybucket-role",
            "name_prefix": "",
            "path": "/",
            "permissions_boundary": null,
            "tags": {},
            "tags_all": {},
            "unique_id": "AROASUFOPAOODCN24IWVC"
          },
          "sensitive_attributes": [],
          "private": "bnVsbA=="
        }
      ]
    },
    {
      "mode": "managed",
      "type": "aws_iam_role_policy",
      "name": "s3-mybucket-role-policy",
      "provider": "provider[\"registry.terraform.io/hashicorp/aws\"]",
      "instances": [
        {
          "schema_version": 0,
          "attributes": {
            "id": "s3-mybucket-role:s3-mybucket-role-policy",
            "name": "s3-mybucket-role-policy",
            "name_prefix": null,
            "policy": "{\"Version\":\"2012-10-17\",\"Statement\":[{\"Action\":[\"s3:*\"],\"Effect\":\"Allow\",\"Resource\":[\"arn:aws:s3:::photobucket-team2-cs4803\",\"arn:aws:s3:::photobucket-team2-cs4803/*\"]}]}",
            "role": "s3-mybucket-role"
          },
          "sensitive_attributes": [],
          "private": "bnVsbA==",
          "dependencies": [
            "aws_iam_role.s3-mybucket-role"
          ]
        }
      ]
    },
    {
      "mode": "managed",
      "type": "aws_instance",
      "name": "photogallery",
      "provider": "provider[\"registry.terraform.io/hashicorp/aws\"]",
      "instances": [
        {
          "schema_version": 1,
          "attributes": {
            "ami": "ami-0a695f0d95cefc163",
            "arn": "arn:aws:ec2:us-east-2:180754514844:instance/i-0135874e11f52e283",
            "associate_public_ip_address": true,
            "availability_zone": "us-east-2a",
            "capacity_reservation_specification": [
              {
                "capacity_reservation_preference": "open",
                "capacity_reservation_target": []
              }
            ],
            "cpu_core_count": 1,
            "cpu_threads_per_core": 1,
            "credit_specification": [
              {
                "cpu_credits": "standard"
              }
            ],
            "disable_api_stop": false,
            "disable_api_termination": false,
            "ebs_block_device": [],
            "ebs_optimized": false,
            "enclave_options": [
              {
                "enabled": false
              }
            ],
            "ephemeral_block_device": [],
            "get_password_data": false,
            "hibernation": false,
            "host_id": "",
            "host_resource_group_arn": null,
            "iam_instance_profile": "s3-mybucket-role",
            "id": "i-0135874e11f52e283",
            "instance_initiated_shutdown_behavior": "stop",
            "instance_state": "running",
            "instance_type": "t2.nano",
            "ipv6_address_count": 0,
            "ipv6_addresses": [],
            "key_name": "mykeypair",
            "launch_template": [],
            "maintenance_options": [
              {
                "auto_recovery": "default"
              }
            ],
            "metadata_options": [
              {
                "http_endpoint": "enabled",
                "http_put_response_hop_limit": 1,
                "http_tokens": "optional",
                "instance_metadata_tags": "disabled"
              }
            ],
            "monitoring": false,
            "network_interface": [],
            "outpost_arn": "",
            "password_data": "",
            "placement_group": "",
            "placement_partition_number": 0,
            "primary_network_interface_id": "eni-0bacc096571b73f83",
            "private_dns": "ip-172-31-1-104.us-east-2.compute.internal",
            "private_dns_name_options": [
              {
                "enable_resource_name_dns_a_record": false,
                "enable_resource_name_dns_aaaa_record": false,
                "hostname_type": "ip-name"
              }
            ],
            "private_ip": "172.31.1.104",
            "public_dns": "ec2-3-140-198-153.us-east-2.compute.amazonaws.com",
            "public_ip": "3.140.198.153",
            "root_block_device": [
              {
                "delete_on_termination": true,
                "device_name": "/dev/sda1",
                "encrypted": false,
                "iops": 100,
                "kms_key_id": "",
                "tags": {},
                "throughput": 0,
                "volume_id": "vol-06404801787734045",
                "volume_size": 8,
                "volume_type": "gp2"
              }
            ],
            "secondary_private_ips": [],
            "security_groups": [
              "photogallery-sg2"
            ],
            "source_dest_check": true,
            "subnet_id": "subnet-00d461f5ac85aff7d",
            "tags": {
              "Name": "photogallery"
            },
            "tags_all": {
              "Name": "photogallery"
            },
            "tenancy": "default",
            "timeouts": null,
            "user_data": "56fe2c896e23cbdf12c18fcc67562c0a99810fc3",
            "user_data_base64": null,
            "user_data_replace_on_change": false,
            "volume_tags": null,
            "vpc_security_group_ids": [
              "sg-061433328f40b5ebe"
            ]
          },
          "sensitive_attributes": [],
          "private": "eyJlMmJmYjczMC1lY2FhLTExZTYtOGY4OC0zNDM2M2JjN2M0YzAiOnsiY3JlYXRlIjo2MDAwMDAwMDAwMDAsImRlbGV0ZSI6MTIwMDAwMDAwMDAwMCwidXBkYXRlIjo2MDAwMDAwMDAwMDB9LCJzY2hlbWFfdmVyc2lvbiI6IjEifQ==",
          "dependencies": [
            "aws_db_instance.photogallery",
            "aws_iam_instance_profile.s3-mybucket-role-instanceprofile",
            "aws_key_pair.mykeypair",
            "aws_security_group.allow-mysql",
            "aws_security_group.photogallery",
            "data.template_file.user_data",
            "tls_private_key.rsa"
          ]
        }
      ]
    },
    {
      "mode": "managed",
      "type": "aws_key_pair",
      "name": "mykeypair",
      "provider": "provider[\"registry.terraform.io/hashicorp/aws\"]",
      "instances": [
        {
          "schema_version": 1,
          "attributes": {
            "arn": "arn:aws:ec2:us-east-2:180754514844:key-pair/mykeypair",
            "fingerprint": "2f:1f:ad:de:d4:97:55:23:68:b0:61:30:53:bb:32:f5",
            "id": "mykeypair",
            "key_name": "mykeypair",
            "key_name_prefix": "",
            "key_pair_id": "key-00f9bab9d07d7ef9b",
            "key_type": "rsa",
            "public_key": "ssh-rsa AAAAB3NzaC1yc2EAAAADAQABAAACAQC/8vTAQKLWTEVkZ21TAwWT9+g6V69RvZe4nAGPZHsJ1DBTGJlcef5djk6XJLeAOMXlgHDRi3tQPWq7kgDp1atyOhMvjysuFRu7D+hLGHyl47a9dEIq6aq6lQd0XOKF8u9dbI10DvL4PDkSe5cDnNuFM2cGVm1vX8Q56fsDLIV+e7tvq48z8kFMCulO0Bw6HIpxmAQP1FO62DQ3S/NzY3cpAXp6yG8RfTd2mVjN1+I8uKHibKoa1SWZeIgRVIkrzSlp5BHE/ZMrVywZBgYguLBGNbgTZ3OHLkSZrVXIjNn9KO5682DifVnFzMOH7Hnx0WF3lBCnD9ODf4Vh2mySh7lU8/yYlzyTa32+ik9U/6lZ5pyKeqN7dEeNeflOJw+cy2FsOpLNNbqxt10USnfEUaiQFSi6d8XxGPV+O6+mqcuHU/x253+41wFv5WXHkxzKPlzbVvodocEioVEJkM/7Lckz1EGrEmCb9I2/8wMbRxyQunG+b0P8L7RgkFHWC4vZWWGTmYO3uaAV+PuvipG3VqboXGch3EYMgGe2V1dcwtMj9KI/ubkL1LGnw2nh33w6oaBUQKNpgd0B+mNtK08qXHCey++pCgBlf/8Cmn2+HJV4mYbCLrir0CaZdwlE+7+MEGjgvzoikTA3ShpOd+BUAP8FlxQcR/SMrWg/4CjsWhiwzQ==",
            "tags": {},
            "tags_all": {}
          },
          "sensitive_attributes": [],
          "private": "eyJzY2hlbWFfdmVyc2lvbiI6IjEifQ==",
          "dependencies": [
            "tls_private_key.rsa"
          ]
        }
      ]
    },
    {
      "mode": "managed",
      "type": "aws_s3_bucket",
      "name": "photobucket",
      "provider": "provider[\"registry.terraform.io/hashicorp/aws\"]",
      "instances": [
        {
          "schema_version": 0,
          "attributes": {
            "acceleration_status": "",
            "acl": null,
            "arn": "arn:aws:s3:::photobucket-team2-cs4803",
            "bucket": "photobucket-team2-cs4803",
            "bucket_domain_name": "photobucket-team2-cs4803.s3.amazonaws.com",
            "bucket_prefix": "",
            "bucket_regional_domain_name": "photobucket-team2-cs4803.s3.us-east-2.amazonaws.com",
            "cors_rule": [],
            "force_destroy": true,
            "grant": [
              {
                "id": "",
                "permissions": [
                  "READ"
                ],
                "type": "Group",
                "uri": "http://acs.amazonaws.com/groups/global/AllUsers"
              },
              {
                "id": "dc5e0adb07b7ab83c9dc6edbb4f8bd19574e4b9b3aa6641451159d4a984804b9",
                "permissions": [
                  "FULL_CONTROL"
                ],
                "type": "CanonicalUser",
                "uri": ""
              }
            ],
            "hosted_zone_id": "Z2O1EMRO9K5GLX",
            "id": "photobucket-team2-cs4803",
            "lifecycle_rule": [],
            "logging": [],
            "object_lock_configuration": [],
            "object_lock_enabled": false,
            "policy": "{\"Statement\":[{\"Action\":\"s3:GetObject\",\"Effect\":\"Allow\",\"Principal\":\"*\",\"Resource\":[\"arn:aws:s3:::photobucket-team2-cs4803\",\"arn:aws:s3:::photobucket-team2-cs4803/*\"],\"Sid\":\"PublicReadGetObject\"}],\"Version\":\"2012-10-17\"}",
            "region": "us-east-2",
            "replication_configuration": [],
            "request_payer": "BucketOwner",
            "server_side_encryption_configuration": [
              {
                "rule": [
                  {
                    "apply_server_side_encryption_by_default": [
                      {
                        "kms_master_key_id": "",
                        "sse_algorithm": "AES256"
                      }
                    ],
                    "bucket_key_enabled": false
                  }
                ]
              }
            ],
            "tags": {
              "Name": "photobucket-team2-cs4803"
            },
            "tags_all": {
              "Name": "photobucket-team2-cs4803"
            },
            "timeouts": null,
            "versioning": [
              {
                "enabled": false,
                "mfa_delete": false
              }
            ],
            "website": [
              {
                "error_document": "error.html",
                "index_document": "index.html",
                "redirect_all_requests_to": "",
                "routing_rules": ""
              }
            ],
            "website_domain": "s3-website.us-east-2.amazonaws.com",
            "website_endpoint": "photobucket-team2-cs4803.s3-website.us-east-2.amazonaws.com"
          },
          "sensitive_attributes": [],
          "private": "eyJlMmJmYjczMC1lY2FhLTExZTYtOGY4OC0zNDM2M2JjN2M0YzAiOnsiY3JlYXRlIjoxMjAwMDAwMDAwMDAwLCJkZWxldGUiOjM2MDAwMDAwMDAwMDAsInJlYWQiOjEyMDAwMDAwMDAwMDAsInVwZGF0ZSI6MTIwMDAwMDAwMDAwMH19"
        }
      ]
    },
    {
      "mode": "managed",
      "type": "aws_s3_bucket_acl",
      "name": "photobucket",
      "provider": "provider[\"registry.terraform.io/hashicorp/aws\"]",
      "instances": [
        {
          "schema_version": 0,
          "attributes": {
            "access_control_policy": [
              {
                "grant": [
                  {
                    "grantee": [
                      {
                        "display_name": "",
                        "email_address": "",
                        "id": "",
                        "type": "Group",
                        "uri": "http://acs.amazonaws.com/groups/global/AllUsers"
                      }
                    ],
                    "permission": "READ"
                  },
                  {
                    "grantee": [
                      {
                        "display_name": "",
                        "email_address": "",
                        "id": "dc5e0adb07b7ab83c9dc6edbb4f8bd19574e4b9b3aa6641451159d4a984804b9",
                        "type": "CanonicalUser",
                        "uri": ""
                      }
                    ],
                    "permission": "FULL_CONTROL"
                  }
                ],
                "owner": [
                  {
                    "display_name": "",
                    "id": "dc5e0adb07b7ab83c9dc6edbb4f8bd19574e4b9b3aa6641451159d4a984804b9"
                  }
                ]
              }
            ],
            "acl": "public-read",
            "bucket": "photobucket-team2-cs4803",
            "expected_bucket_owner": "",
            "id": "photobucket-team2-cs4803,public-read"
          },
          "sensitive_attributes": [],
          "private": "bnVsbA==",
          "dependencies": [
            "aws_s3_bucket.photobucket"
          ]
        }
      ]
    },
    {
      "mode": "managed",
      "type": "aws_s3_bucket_acl",
      "name": "photobucket_acl",
      "provider": "provider[\"registry.terraform.io/hashicorp/aws\"]",
      "instances": [
        {
          "schema_version": 0,
          "attributes": {
            "access_control_policy": [
              {
                "grant": [
                  {
                    "grantee": [
                      {
                        "display_name": "",
                        "email_address": "",
                        "id": "",
                        "type": "Group",
                        "uri": "http://acs.amazonaws.com/groups/global/AllUsers"
                      }
                    ],
                    "permission": "READ"
                  },
                  {
                    "grantee": [
                      {
                        "display_name": "",
                        "email_address": "",
                        "id": "dc5e0adb07b7ab83c9dc6edbb4f8bd19574e4b9b3aa6641451159d4a984804b9",
                        "type": "CanonicalUser",
                        "uri": ""
                      }
                    ],
                    "permission": "FULL_CONTROL"
                  }
                ],
                "owner": [
                  {
                    "display_name": "",
                    "id": "dc5e0adb07b7ab83c9dc6edbb4f8bd19574e4b9b3aa6641451159d4a984804b9"
                  }
                ]
              }
            ],
            "acl": "public-read",
            "bucket": "photobucket-team2-cs4803",
            "expected_bucket_owner": "",
            "id": "photobucket-team2-cs4803,public-read"
          },
          "sensitive_attributes": [],
          "private": "bnVsbA==",
          "dependencies": [
            "aws_s3_bucket.photobucket"
          ]
        }
      ]
    },
    {
      "mode": "managed",
      "type": "aws_s3_bucket_policy",
      "name": "photobucket",
      "provider": "provider[\"registry.terraform.io/hashicorp/aws\"]",
      "instances": [
        {
          "schema_version": 0,
          "attributes": {
            "bucket": "photobucket-team2-cs4803",
            "id": "photobucket-team2-cs4803",
            "policy": "{\"Statement\":[{\"Action\":\"s3:GetObject\",\"Effect\":\"Allow\",\"Principal\":\"*\",\"Resource\":[\"arn:aws:s3:::photobucket-team2-cs4803\",\"arn:aws:s3:::photobucket-team2-cs4803/*\"],\"Sid\":\"PublicReadGetObject\"}],\"Version\":\"2012-10-17\"}"
          },
          "sensitive_attributes": [],
          "private": "bnVsbA==",
          "dependencies": [
            "aws_s3_bucket.photobucket"
          ]
        }
      ]
    },
    {
      "mode": "managed",
      "type": "aws_s3_bucket_website_configuration",
      "name": "photobucket",
      "provider": "provider[\"registry.terraform.io/hashicorp/aws\"]",
      "instances": [
        {
          "schema_version": 0,
          "attributes": {
            "bucket": "photobucket-team2-cs4803",
            "error_document": [
              {
                "key": "error.html"
              }
            ],
            "expected_bucket_owner": "",
            "id": "photobucket-team2-cs4803",
            "index_document": [
              {
                "suffix": "index.html"
              }
            ],
            "redirect_all_requests_to": [],
            "routing_rule": [],
            "routing_rules": "",
            "website_domain": "s3-website.us-east-2.amazonaws.com",
            "website_endpoint": "photobucket-team2-cs4803.s3-website.us-east-2.amazonaws.com"
          },
          "sensitive_attributes": [],
          "private": "bnVsbA==",
          "dependencies": [
            "aws_s3_bucket.photobucket"
          ]
        }
      ]
    },
    {
      "mode": "managed",
      "type": "aws_security_group",
      "name": "allow-mysql",
      "provider": "provider[\"registry.terraform.io/hashicorp/aws\"]",
      "instances": [
        {
          "schema_version": 1,
          "attributes": {
            "arn": "arn:aws:ec2:us-east-2:180754514844:security-group/sg-079126f65c89121ea",
            "description": "allow-mysql",
            "egress": [
              {
                "cidr_blocks": [
                  "0.0.0.0/0"
                ],
                "description": "",
                "from_port": 0,
                "ipv6_cidr_blocks": [],
                "prefix_list_ids": [],
                "protocol": "-1",
                "security_groups": [],
                "self": true,
                "to_port": 0
              }
            ],
            "id": "sg-079126f65c89121ea",
            "ingress": [
              {
                "cidr_blocks": [],
                "description": "",
                "from_port": 3306,
                "ipv6_cidr_blocks": [],
                "prefix_list_ids": [],
                "protocol": "tcp",
                "security_groups": [
                  "sg-061433328f40b5ebe"
                ],
                "self": false,
                "to_port": 3306
              }
            ],
            "name": "allow-mysql2",
            "name_prefix": "",
            "owner_id": "180754514844",
            "revoke_rules_on_delete": false,
            "tags": {
              "Name": "allow-mysql"
            },
            "tags_all": {
              "Name": "allow-mysql"
            },
            "timeouts": null,
            "vpc_id": "vpc-001989551e6d4df56"
          },
          "sensitive_attributes": [],
          "private": "eyJlMmJmYjczMC1lY2FhLTExZTYtOGY4OC0zNDM2M2JjN2M0YzAiOnsiY3JlYXRlIjo2MDAwMDAwMDAwMDAsImRlbGV0ZSI6OTAwMDAwMDAwMDAwfSwic2NoZW1hX3ZlcnNpb24iOiIxIn0=",
          "dependencies": [
            "aws_security_group.photogallery"
          ]
        }
      ]
    },
    {
      "mode": "managed",
      "type": "aws_security_group",
      "name": "photogallery",
      "provider": "provider[\"registry.terraform.io/hashicorp/aws\"]",
      "instances": [
        {
          "schema_version": 1,
          "attributes": {
            "arn": "arn:aws:ec2:us-east-2:180754514844:security-group/sg-061433328f40b5ebe",
            "description": "security group that allows ssh and all egress traffic",
            "egress": [
              {
                "cidr_blocks": [
                  "0.0.0.0/0"
                ],
                "description": "",
                "from_port": 0,
                "ipv6_cidr_blocks": [],
                "prefix_list_ids": [],
                "protocol": "-1",
                "security_groups": [],
                "self": false,
                "to_port": 0
              }
            ],
            "id": "sg-061433328f40b5ebe",
            "ingress": [
              {
                "cidr_blocks": [
                  "0.0.0.0/0"
                ],
                "description": "",
                "from_port": 22,
                "ipv6_cidr_blocks": [],
                "prefix_list_ids": [],
                "protocol": "tcp",
                "security_groups": [],
                "self": false,
                "to_port": 22
              },
              {
                "cidr_blocks": [
                  "0.0.0.0/0"
                ],
                "description": "",
                "from_port": 5000,
                "ipv6_cidr_blocks": [],
                "prefix_list_ids": [],
                "protocol": "tcp",
                "security_groups": [],
                "self": false,
                "to_port": 5000
              }
            ],
            "name": "photogallery-sg2",
            "name_prefix": "",
            "owner_id": "180754514844",
            "revoke_rules_on_delete": false,
            "tags": {
              "Name": "photogallery"
            },
            "tags_all": {
              "Name": "photogallery"
            },
            "timeouts": null,
            "vpc_id": "vpc-001989551e6d4df56"
          },
          "sensitive_attributes": [],
          "private": "eyJlMmJmYjczMC1lY2FhLTExZTYtOGY4OC0zNDM2M2JjN2M0YzAiOnsiY3JlYXRlIjo2MDAwMDAwMDAwMDAsImRlbGV0ZSI6OTAwMDAwMDAwMDAwfSwic2NoZW1hX3ZlcnNpb24iOiIxIn0="
        }
      ]
    },
    {
      "mode": "managed",
      "type": "local_file",
      "name": "my_key",
      "provider": "provider[\"registry.terraform.io/hashicorp/local\"]",
      "instances": [
        {
          "schema_version": 0,
          "attributes": {
            "content": "-----BEGIN RSA PRIVATE KEY-----\nMIIJKgIBAAKCAgEAv/L0wECi1kxFZGdtUwMFk/foOlevUb2XuJwBj2R7CdQwUxiZ\nXHn+XY5OlyS3gDjF5YBw0Yt7UD1qu5IA6dWrcjoTL48rLhUbuw/oSxh8peO2vXRC\nKumqupUHdFzihfLvXWyNdA7y+Dw5EnuXA5zbhTNnBlZtb1/EOen7AyyFfnu7b6uP\nM/JBTArpTtAcOhyKcZgED9RTutg0N0vzc2N3KQF6eshvEX03dplYzdfiPLih4myq\nGtUlmXiIEVSJK80paeQRxP2TK1csGQYGILiwRjW4E2dzhy5Ema1VyIzZ/SjuevNg\n4n1ZxczDh+x58dFhd5QQpw/Tg3+FYdpskoe5VPP8mJc8k2t9vopPVP+pWeacinqj\ne3RHjXn5TicPnMthbDqSzTW6sbddFEp3xFGokBUounfF8Rj1fjuvpqnLh1P8dud/\nuNcBb+Vlx5Mcyj5c21b6HaHBIqFRCZDP+y3JM9RBqxJgm/SNv/MDG0cckLpxvm9D\n/C+0YJBR1guL2Vlhk5mDt7mgFfj7r4qRt1am6FxnIdxGDIBntldXXMLTI/SiP7m5\nC9Sxp8Np4d98OqGgVECjaYHdAfpjbStPKlxwnsvvqQoAZX//App9vhyVeJmGwi64\nq9AmmXcJRPu/jBBo4L86IpEwN0oaTnfgVAD/BZcUHEf0jK1oP+Ao7FoYsM0CAwEA\nAQKCAgEAsqVpe2Ds7OwRjW/hROhEEcIiBeLEDhyZj7zKiu1mwfAVhdEYMwRrZCFl\nLbCDhLfSH1ZaKfxaKYTvyGELrpYpuecpIhNqibollAUrGnFQ2YhE9LC2QIA3YO4B\nASDNxwMiGl5EjKa5JaXPLE+QblFX0fHUSga4VXbZB1moP/z4xY5dFYKjhiJK+X4S\nRELWcpNLmot0BFOGFhjRCEIM8/C335c7qfjPvoQ+0YfJKdNqAT+Jk1W1P8Hu+5Y9\ndXurKvQIPkCA9UlX5nd8WFHN9DhP/xhSGOUolcDPIgQ8GapV3BNzWUUYf9NQcRKx\nTNkfaZuIziUlFodZQUK3HiqO8BWXu0avBqGUq5kc1gDd/7Wc4kOyznmeaqGSfmjy\nrMH8mTmrq5tI9enm8ZYU2SK5m1QFlUf2BNe7Rfz+o9uniYxEwHm3vnqMZzcMFuLP\nCi7Z/rU4h5wMdY0pWTc+yB7BQOdRywCiaPHAWqOxrVY5NUVMe7OV64voGlF2W5vk\nLsGosvjwbvZljWriHFSp6748PxfbuJ3zcBEP5SdsE1hka5Txa5Mctz4YmgskvoCG\npT4xs3BPipBO5OdlzcBY8f1CGVLcC1LQS64rPCtiwk1cSLMRcYPU7PJq5CstUuce\nIrS27pEIlIQmKRkJl7OuIkgdX0jk2sNqZmwMEQXHxhDF/YDWVxUCggEBAO3YKLXD\nJHk+xElCVnGHoJVxhVvWoo2KFcUFq1KxPGuDdgWLJRFfGvGPVpx+S2EIlFk1+gQj\nivAzNikpUfjiqs1m9Zb4nFFqHUIUirZqJ27qt6lFU8MWq0Qj/2aBXXU2vq9f3aQS\n106W/BLjqg47+QIJah1vxpVIAtokZVVLHB8vQ348h3+4vUFA8+V0TmlQvrKM3WB5\n2iwdVfCLBXTxaPVSUJQ9WLAkujsg4bA4wgu+ALY+WAXzMKrnBVxQGQ5l5bap3bqY\nWyW7OGnS2tlebpF4OZUJRvKW1g4Antq8SoWRyOQx8zC481eTXg3NYhDnVti8u5pa\nzJl96En8QOfCpeMCggEBAM6Z7rwJBt5MuxkQuAvPdBriBh8i621ebNWnpkBoc+Xp\n0TocNG30M1o8Ok8dDyIr8h/zUbaSqDP++uh37gpAVE/rpinfkMhpSzsGV1Vc2How\nm2sbXMB7I3mIBJkC8toTCIjpxS/pxGm+PBeqHHojddZPG9C2Pt9F+JP+R4KPVtMc\nV3keO/SFETJKg6wZTcNkUlfDEOmCU8ytnf3UoV5Jv5QJyYD0ZxBKysAJ0a6LQ2zn\nbjSHgRujWjsQdsZDC4aSE9uaNBeYHLmIxz0zouLxLkfGVz7fuINAUii1m0amOhWU\n/LKQsqF89S4OBZZmkeZFUqrLfo0LzRKSvMixv8UAjY8CggEBAI29lAU+Fi5rSW6f\nKgTeXsSwsljYwGa5M+AGUOMm3Gr2HQ+QrLZ9hwEN+v+oBCP/iOjhUe3FgLdEzbIZ\n/c/kxQVDpngiEIY0Rttqgn/TI0zmdC1cM16/07D4AuyDi76esWSyLNPqpoUfVXms\nU1vIQc0E70g7pIyyLYDyz7DU4h1zfTVtvRJQdfi9TJwhg9kfVYXyjLtB4tMHaH/B\nWa8nbvVD6OFu7buLJ7C1F8p9CKcWxDXXUX26P/aZVoh883GxKASDlq/su+Twfd4S\n2nlP3XSzwR0gOje3zDjsBb81FvQivSXA3rzae6plGFgBXb/VHdxsHSEPm36dmiD9\nQ3DafyECggEAQZr6B3XqW28MPrJjb0SqPtslTH/fOLSyZMo+7db9brXn/cb1EzFn\nmTDk5zh4FMbVtTWj7hD2HsTKUkW7LkAtRc+zzTo0FJ/zBsRFuVKpX2vN/p4Kvwib\nRD1gEGKyUXOX0zpApq1Z9KY3GOCo+FQIWEx4rbchke77N6uYc6omzRUD5e8m5MfY\npRqqY10Jp5FU4I+N8Ei1aZp8QB1kPLe4gT72YN+7Vp4Zcg/sKLwKZiu7gCzDX85o\nmbbpsJ2brFj4u1RlVFS2UmhPtGyQPfaOVrZyAAI06mDjdg/tResFKNNNxzpRrxwq\nEzzao17g17mNvbSu9AUaUtqL3kMrfVhmmwKCAQEAlxgZvHPX+uNfaBWHu66Zo/7s\neNrUF6sKIjmIAbjrcs9hOX3uj7wbbVYwxwnNl43t5T35ypwflMgProM2upeEBjvX\nmdl+9HV5Dy93+MycWD6aZmvj9R51loqFYZxaaUDBiXxC1kOgJV8dSC4BfS7igFqa\nIdkGyMfvgSNLu1y/vJRAcyKs3uuIocW7rSLQ3nscxYPaOO70jHHCE9X7ty5FDpxi\nTnNzDtX4H1JmxoQDCUwxwYeD1HhWt2HM5noyhOFq56E29jS9xas1tDpJ8BBPRfYk\ntjJ6Af3z1JK1qprcz3tNW6UHqsQe4jbP1I3/bbrQUK6DJOEWV5A2Xd5Kbu0ZcQ==\n-----END RSA PRIVATE KEY-----\n",
            "content_base64": null,
            "content_base64sha256": "G2WKiWelWz5HnFRDnFeCOTefKo8AKo0KEAvkULvAVY4=",
            "content_base64sha512": "GC5LtS8q9oyCPq7aNSKrUl6OkP17FCWY7qIU5U261x+neRUw41cSCkahCINish3CsAxQqJCe5fn2UeoybnPe3g==",
            "content_md5": "6ca612b17e07418513117c1da2b8cfc3",
            "content_sha1": "e7081f6346e05c61d460326974df049010abf1d9",
            "content_sha256": "1b658a8967a55b3e479c54439c578239379f2a8f002a8d0a100be450bbc0558e",
            "content_sha512": "182e4bb52f2af68c823eaeda3522ab525e8e90fd7b142598eea214e54dbad71fa7791530e357120a46a1088362b21dc2b00c50a8909ee5f9f651ea326e73dede",
            "directory_permission": "0777",
            "file_permission": "0777",
            "filename": "mykeypair.pem",
            "id": "e7081f6346e05c61d460326974df049010abf1d9",
            "sensitive_content": null,
            "source": null
          },
          "sensitive_attributes": [
            [
              {
                "type": "get_attr",
                "value": "content"
              }
            ]
          ],
          "dependencies": [
            "tls_private_key.rsa"
          ]
        }
      ]
    },
    {
      "mode": "managed",
      "type": "tls_private_key",
      "name": "rsa",
      "provider": "provider[\"registry.terraform.io/hashicorp/tls\"]",
      "instances": [
        {
          "schema_version": 1,
          "attributes": {
            "algorithm": "RSA",
            "ecdsa_curve": "P224",
            "id": "5048a4922d162e628e4f07c068c3f0208497d8f3",
            "private_key_openssh": "-----BEGIN OPENSSH PRIVATE KEY-----\nb3BlbnNzaC1rZXktdjEAAAAABG5vbmUAAAAEbm9uZQAAAAAAAAABAAACFwAAAAdz\nc2gtcnNhAAAAAwEAAQAAAgEAv/L0wECi1kxFZGdtUwMFk/foOlevUb2XuJwBj2R7\nCdQwUxiZXHn+XY5OlyS3gDjF5YBw0Yt7UD1qu5IA6dWrcjoTL48rLhUbuw/oSxh8\npeO2vXRCKumqupUHdFzihfLvXWyNdA7y+Dw5EnuXA5zbhTNnBlZtb1/EOen7AyyF\nfnu7b6uPM/JBTArpTtAcOhyKcZgED9RTutg0N0vzc2N3KQF6eshvEX03dplYzdfi\nPLih4myqGtUlmXiIEVSJK80paeQRxP2TK1csGQYGILiwRjW4E2dzhy5Ema1VyIzZ\n/SjuevNg4n1ZxczDh+x58dFhd5QQpw/Tg3+FYdpskoe5VPP8mJc8k2t9vopPVP+p\nWeacinqje3RHjXn5TicPnMthbDqSzTW6sbddFEp3xFGokBUounfF8Rj1fjuvpqnL\nh1P8dud/uNcBb+Vlx5Mcyj5c21b6HaHBIqFRCZDP+y3JM9RBqxJgm/SNv/MDG0cc\nkLpxvm9D/C+0YJBR1guL2Vlhk5mDt7mgFfj7r4qRt1am6FxnIdxGDIBntldXXMLT\nI/SiP7m5C9Sxp8Np4d98OqGgVECjaYHdAfpjbStPKlxwnsvvqQoAZX//App9vhyV\neJmGwi64q9AmmXcJRPu/jBBo4L86IpEwN0oaTnfgVAD/BZcUHEf0jK1oP+Ao7FoY\nsM0AAAc4iROAVokTgFYAAAAHc3NoLXJzYQAAAgEAv/L0wECi1kxFZGdtUwMFk/fo\nOlevUb2XuJwBj2R7CdQwUxiZXHn+XY5OlyS3gDjF5YBw0Yt7UD1qu5IA6dWrcjoT\nL48rLhUbuw/oSxh8peO2vXRCKumqupUHdFzihfLvXWyNdA7y+Dw5EnuXA5zbhTNn\nBlZtb1/EOen7AyyFfnu7b6uPM/JBTArpTtAcOhyKcZgED9RTutg0N0vzc2N3KQF6\neshvEX03dplYzdfiPLih4myqGtUlmXiIEVSJK80paeQRxP2TK1csGQYGILiwRjW4\nE2dzhy5Ema1VyIzZ/SjuevNg4n1ZxczDh+x58dFhd5QQpw/Tg3+FYdpskoe5VPP8\nmJc8k2t9vopPVP+pWeacinqje3RHjXn5TicPnMthbDqSzTW6sbddFEp3xFGokBUo\nunfF8Rj1fjuvpqnLh1P8dud/uNcBb+Vlx5Mcyj5c21b6HaHBIqFRCZDP+y3JM9RB\nqxJgm/SNv/MDG0cckLpxvm9D/C+0YJBR1guL2Vlhk5mDt7mgFfj7r4qRt1am6Fxn\nIdxGDIBntldXXMLTI/SiP7m5C9Sxp8Np4d98OqGgVECjaYHdAfpjbStPKlxwnsvv\nqQoAZX//App9vhyVeJmGwi64q9AmmXcJRPu/jBBo4L86IpEwN0oaTnfgVAD/BZcU\nHEf0jK1oP+Ao7FoYsM0AAAADAQABAAACAQCypWl7YOzs7BGNb+FE6EQRwiIF4sQO\nHJmPvMqK7WbB8BWF0RgzBGtkIWUtsIOEt9IfVlop/FophO/IYQuulim55ykiE2qJ\nuiWUBSsacVDZiET0sLZAgDdg7gEBIM3HAyIaXkSMprklpc8sT5BuUVfR8dRKBrhV\ndtkHWag//PjFjl0VgqOGIkr5fhJEQtZyk0uai3QEU4YWGNEIQgzz8Lfflzup+M++\nhD7Rh8kp02oBP4mTVbU/we77lj11e6sq9Ag+QID1SVfmd3xYUc30OE//GFIY5SiV\nwM8iBDwZqlXcE3NZRRh/01BxErFM2R9pm4jOJSUWh1lBQrceKo7wFZe7Rq8GoZSr\nmRzWAN3/tZziQ7LOeZ5qoZJ+aPKswfyZOaurm0j16ebxlhTZIrmbVAWVR/YE17tF\n/P6j26eJjETAebe+eoxnNwwW4s8KLtn+tTiHnAx1jSlZNz7IHsFA51HLAKJo8cBa\no7GtVjk1RUx7s5Xri+gaUXZbm+Quwaiy+PBu9mWNauIcVKnrvjw/F9u4nfNwEQ/l\nJ2wTWGRrlPFrkxy3PhiaCyS+gIalPjGzcE+KkE7k52XNwFjx/UIZUtwLUtBLris8\nK2LCTVxIsxFxg9Ts8mrkKy1S5x4itLbukQiUhCYpGQmXs64iSB1fSOTaw2pmbAwR\nBcfGEMX9gNZXFQAAAQEAlxgZvHPX+uNfaBWHu66Zo/7seNrUF6sKIjmIAbjrcs9h\nOX3uj7wbbVYwxwnNl43t5T35ypwflMgProM2upeEBjvXmdl+9HV5Dy93+MycWD6a\nZmvj9R51loqFYZxaaUDBiXxC1kOgJV8dSC4BfS7igFqaIdkGyMfvgSNLu1y/vJRA\ncyKs3uuIocW7rSLQ3nscxYPaOO70jHHCE9X7ty5FDpxiTnNzDtX4H1JmxoQDCUwx\nwYeD1HhWt2HM5noyhOFq56E29jS9xas1tDpJ8BBPRfYktjJ6Af3z1JK1qprcz3tN\nW6UHqsQe4jbP1I3/bbrQUK6DJOEWV5A2Xd5Kbu0ZcQAAAQEA7dgotcMkeT7ESUJW\ncYeglXGFW9aijYoVxQWrUrE8a4N2BYslEV8a8Y9WnH5LYQiUWTX6BCOK8DM2KSlR\n+OKqzWb1lvicUWodQhSKtmonbuq3qUVTwxarRCP/ZoFddTa+r1/dpBLXTpb8EuOq\nDjv5AglqHW/GlUgC2iRlVUscHy9DfjyHf7i9QUDz5XROaVC+sozdYHnaLB1V8IsF\ndPFo9VJQlD1YsCS6OyDhsDjCC74Atj5YBfMwqucFXFAZDmXltqnduphbJbs4adLa\n2V5ukXg5lQlG8pbWDgCe2rxKhZHI5DHzMLjzV5NeDc1iEOdW2Ly7mlrMmX3oSfxA\n58Kl4wAAAQEAzpnuvAkG3ky7GRC4C890GuIGHyLrbV5s1aemQGhz5enROhw0bfQz\nWjw6Tx0PIivyH/NRtpKoM/766HfuCkBUT+umKd+QyGlLOwZXVVzYejCbaxtcwHsj\neYgEmQLy2hMIiOnFL+nEab48F6oceiN11k8b0LY+30X4k/5Hgo9W0xxXeR479IUR\nMkqDrBlNw2RSV8MQ6YJTzK2d/dShXkm/lAnJgPRnEErKwAnRrotDbOduNIeBG6Na\nOxB2xkMLhpIT25o0F5gcuYjHPTOi4vEuR8ZXPt+4g0BSKLWbRqY6FZT8spCyoXz1\nLg4FlmaR5kVSqst+jQvNEpK8yLG/xQCNjwAAAAAB\n-----END OPENSSH PRIVATE KEY-----\n",
            "private_key_pem": "-----BEGIN RSA PRIVATE KEY-----\nMIIJKgIBAAKCAgEAv/L0wECi1kxFZGdtUwMFk/foOlevUb2XuJwBj2R7CdQwUxiZ\nXHn+XY5OlyS3gDjF5YBw0Yt7UD1qu5IA6dWrcjoTL48rLhUbuw/oSxh8peO2vXRC\nKumqupUHdFzihfLvXWyNdA7y+Dw5EnuXA5zbhTNnBlZtb1/EOen7AyyFfnu7b6uP\nM/JBTArpTtAcOhyKcZgED9RTutg0N0vzc2N3KQF6eshvEX03dplYzdfiPLih4myq\nGtUlmXiIEVSJK80paeQRxP2TK1csGQYGILiwRjW4E2dzhy5Ema1VyIzZ/SjuevNg\n4n1ZxczDh+x58dFhd5QQpw/Tg3+FYdpskoe5VPP8mJc8k2t9vopPVP+pWeacinqj\ne3RHjXn5TicPnMthbDqSzTW6sbddFEp3xFGokBUounfF8Rj1fjuvpqnLh1P8dud/\nuNcBb+Vlx5Mcyj5c21b6HaHBIqFRCZDP+y3JM9RBqxJgm/SNv/MDG0cckLpxvm9D\n/C+0YJBR1guL2Vlhk5mDt7mgFfj7r4qRt1am6FxnIdxGDIBntldXXMLTI/SiP7m5\nC9Sxp8Np4d98OqGgVECjaYHdAfpjbStPKlxwnsvvqQoAZX//App9vhyVeJmGwi64\nq9AmmXcJRPu/jBBo4L86IpEwN0oaTnfgVAD/BZcUHEf0jK1oP+Ao7FoYsM0CAwEA\nAQKCAgEAsqVpe2Ds7OwRjW/hROhEEcIiBeLEDhyZj7zKiu1mwfAVhdEYMwRrZCFl\nLbCDhLfSH1ZaKfxaKYTvyGELrpYpuecpIhNqibollAUrGnFQ2YhE9LC2QIA3YO4B\nASDNxwMiGl5EjKa5JaXPLE+QblFX0fHUSga4VXbZB1moP/z4xY5dFYKjhiJK+X4S\nRELWcpNLmot0BFOGFhjRCEIM8/C335c7qfjPvoQ+0YfJKdNqAT+Jk1W1P8Hu+5Y9\ndXurKvQIPkCA9UlX5nd8WFHN9DhP/xhSGOUolcDPIgQ8GapV3BNzWUUYf9NQcRKx\nTNkfaZuIziUlFodZQUK3HiqO8BWXu0avBqGUq5kc1gDd/7Wc4kOyznmeaqGSfmjy\nrMH8mTmrq5tI9enm8ZYU2SK5m1QFlUf2BNe7Rfz+o9uniYxEwHm3vnqMZzcMFuLP\nCi7Z/rU4h5wMdY0pWTc+yB7BQOdRywCiaPHAWqOxrVY5NUVMe7OV64voGlF2W5vk\nLsGosvjwbvZljWriHFSp6748PxfbuJ3zcBEP5SdsE1hka5Txa5Mctz4YmgskvoCG\npT4xs3BPipBO5OdlzcBY8f1CGVLcC1LQS64rPCtiwk1cSLMRcYPU7PJq5CstUuce\nIrS27pEIlIQmKRkJl7OuIkgdX0jk2sNqZmwMEQXHxhDF/YDWVxUCggEBAO3YKLXD\nJHk+xElCVnGHoJVxhVvWoo2KFcUFq1KxPGuDdgWLJRFfGvGPVpx+S2EIlFk1+gQj\nivAzNikpUfjiqs1m9Zb4nFFqHUIUirZqJ27qt6lFU8MWq0Qj/2aBXXU2vq9f3aQS\n106W/BLjqg47+QIJah1vxpVIAtokZVVLHB8vQ348h3+4vUFA8+V0TmlQvrKM3WB5\n2iwdVfCLBXTxaPVSUJQ9WLAkujsg4bA4wgu+ALY+WAXzMKrnBVxQGQ5l5bap3bqY\nWyW7OGnS2tlebpF4OZUJRvKW1g4Antq8SoWRyOQx8zC481eTXg3NYhDnVti8u5pa\nzJl96En8QOfCpeMCggEBAM6Z7rwJBt5MuxkQuAvPdBriBh8i621ebNWnpkBoc+Xp\n0TocNG30M1o8Ok8dDyIr8h/zUbaSqDP++uh37gpAVE/rpinfkMhpSzsGV1Vc2How\nm2sbXMB7I3mIBJkC8toTCIjpxS/pxGm+PBeqHHojddZPG9C2Pt9F+JP+R4KPVtMc\nV3keO/SFETJKg6wZTcNkUlfDEOmCU8ytnf3UoV5Jv5QJyYD0ZxBKysAJ0a6LQ2zn\nbjSHgRujWjsQdsZDC4aSE9uaNBeYHLmIxz0zouLxLkfGVz7fuINAUii1m0amOhWU\n/LKQsqF89S4OBZZmkeZFUqrLfo0LzRKSvMixv8UAjY8CggEBAI29lAU+Fi5rSW6f\nKgTeXsSwsljYwGa5M+AGUOMm3Gr2HQ+QrLZ9hwEN+v+oBCP/iOjhUe3FgLdEzbIZ\n/c/kxQVDpngiEIY0Rttqgn/TI0zmdC1cM16/07D4AuyDi76esWSyLNPqpoUfVXms\nU1vIQc0E70g7pIyyLYDyz7DU4h1zfTVtvRJQdfi9TJwhg9kfVYXyjLtB4tMHaH/B\nWa8nbvVD6OFu7buLJ7C1F8p9CKcWxDXXUX26P/aZVoh883GxKASDlq/su+Twfd4S\n2nlP3XSzwR0gOje3zDjsBb81FvQivSXA3rzae6plGFgBXb/VHdxsHSEPm36dmiD9\nQ3DafyECggEAQZr6B3XqW28MPrJjb0SqPtslTH/fOLSyZMo+7db9brXn/cb1EzFn\nmTDk5zh4FMbVtTWj7hD2HsTKUkW7LkAtRc+zzTo0FJ/zBsRFuVKpX2vN/p4Kvwib\nRD1gEGKyUXOX0zpApq1Z9KY3GOCo+FQIWEx4rbchke77N6uYc6omzRUD5e8m5MfY\npRqqY10Jp5FU4I+N8Ei1aZp8QB1kPLe4gT72YN+7Vp4Zcg/sKLwKZiu7gCzDX85o\nmbbpsJ2brFj4u1RlVFS2UmhPtGyQPfaOVrZyAAI06mDjdg/tResFKNNNxzpRrxwq\nEzzao17g17mNvbSu9AUaUtqL3kMrfVhmmwKCAQEAlxgZvHPX+uNfaBWHu66Zo/7s\neNrUF6sKIjmIAbjrcs9hOX3uj7wbbVYwxwnNl43t5T35ypwflMgProM2upeEBjvX\nmdl+9HV5Dy93+MycWD6aZmvj9R51loqFYZxaaUDBiXxC1kOgJV8dSC4BfS7igFqa\nIdkGyMfvgSNLu1y/vJRAcyKs3uuIocW7rSLQ3nscxYPaOO70jHHCE9X7ty5FDpxi\nTnNzDtX4H1JmxoQDCUwxwYeD1HhWt2HM5noyhOFq56E29jS9xas1tDpJ8BBPRfYk\ntjJ6Af3z1JK1qprcz3tNW6UHqsQe4jbP1I3/bbrQUK6DJOEWV5A2Xd5Kbu0ZcQ==\n-----END RSA PRIVATE KEY-----\n",
            "private_key_pem_pkcs8": "-----BEGIN PRIVATE KEY-----\nMIIJRAIBADANBgkqhkiG9w0BAQEFAASCCS4wggkqAgEAAoICAQC/8vTAQKLWTEVk\nZ21TAwWT9+g6V69RvZe4nAGPZHsJ1DBTGJlcef5djk6XJLeAOMXlgHDRi3tQPWq7\nkgDp1atyOhMvjysuFRu7D+hLGHyl47a9dEIq6aq6lQd0XOKF8u9dbI10DvL4PDkS\ne5cDnNuFM2cGVm1vX8Q56fsDLIV+e7tvq48z8kFMCulO0Bw6HIpxmAQP1FO62DQ3\nS/NzY3cpAXp6yG8RfTd2mVjN1+I8uKHibKoa1SWZeIgRVIkrzSlp5BHE/ZMrVywZ\nBgYguLBGNbgTZ3OHLkSZrVXIjNn9KO5682DifVnFzMOH7Hnx0WF3lBCnD9ODf4Vh\n2mySh7lU8/yYlzyTa32+ik9U/6lZ5pyKeqN7dEeNeflOJw+cy2FsOpLNNbqxt10U\nSnfEUaiQFSi6d8XxGPV+O6+mqcuHU/x253+41wFv5WXHkxzKPlzbVvodocEioVEJ\nkM/7Lckz1EGrEmCb9I2/8wMbRxyQunG+b0P8L7RgkFHWC4vZWWGTmYO3uaAV+Puv\nipG3VqboXGch3EYMgGe2V1dcwtMj9KI/ubkL1LGnw2nh33w6oaBUQKNpgd0B+mNt\nK08qXHCey++pCgBlf/8Cmn2+HJV4mYbCLrir0CaZdwlE+7+MEGjgvzoikTA3ShpO\nd+BUAP8FlxQcR/SMrWg/4CjsWhiwzQIDAQABAoICAQCypWl7YOzs7BGNb+FE6EQR\nwiIF4sQOHJmPvMqK7WbB8BWF0RgzBGtkIWUtsIOEt9IfVlop/FophO/IYQuulim5\n5ykiE2qJuiWUBSsacVDZiET0sLZAgDdg7gEBIM3HAyIaXkSMprklpc8sT5BuUVfR\n8dRKBrhVdtkHWag//PjFjl0VgqOGIkr5fhJEQtZyk0uai3QEU4YWGNEIQgzz8Lff\nlzup+M++hD7Rh8kp02oBP4mTVbU/we77lj11e6sq9Ag+QID1SVfmd3xYUc30OE//\nGFIY5SiVwM8iBDwZqlXcE3NZRRh/01BxErFM2R9pm4jOJSUWh1lBQrceKo7wFZe7\nRq8GoZSrmRzWAN3/tZziQ7LOeZ5qoZJ+aPKswfyZOaurm0j16ebxlhTZIrmbVAWV\nR/YE17tF/P6j26eJjETAebe+eoxnNwwW4s8KLtn+tTiHnAx1jSlZNz7IHsFA51HL\nAKJo8cBao7GtVjk1RUx7s5Xri+gaUXZbm+Quwaiy+PBu9mWNauIcVKnrvjw/F9u4\nnfNwEQ/lJ2wTWGRrlPFrkxy3PhiaCyS+gIalPjGzcE+KkE7k52XNwFjx/UIZUtwL\nUtBLris8K2LCTVxIsxFxg9Ts8mrkKy1S5x4itLbukQiUhCYpGQmXs64iSB1fSOTa\nw2pmbAwRBcfGEMX9gNZXFQKCAQEA7dgotcMkeT7ESUJWcYeglXGFW9aijYoVxQWr\nUrE8a4N2BYslEV8a8Y9WnH5LYQiUWTX6BCOK8DM2KSlR+OKqzWb1lvicUWodQhSK\ntmonbuq3qUVTwxarRCP/ZoFddTa+r1/dpBLXTpb8EuOqDjv5AglqHW/GlUgC2iRl\nVUscHy9DfjyHf7i9QUDz5XROaVC+sozdYHnaLB1V8IsFdPFo9VJQlD1YsCS6OyDh\nsDjCC74Atj5YBfMwqucFXFAZDmXltqnduphbJbs4adLa2V5ukXg5lQlG8pbWDgCe\n2rxKhZHI5DHzMLjzV5NeDc1iEOdW2Ly7mlrMmX3oSfxA58Kl4wKCAQEAzpnuvAkG\n3ky7GRC4C890GuIGHyLrbV5s1aemQGhz5enROhw0bfQzWjw6Tx0PIivyH/NRtpKo\nM/766HfuCkBUT+umKd+QyGlLOwZXVVzYejCbaxtcwHsjeYgEmQLy2hMIiOnFL+nE\nab48F6oceiN11k8b0LY+30X4k/5Hgo9W0xxXeR479IURMkqDrBlNw2RSV8MQ6YJT\nzK2d/dShXkm/lAnJgPRnEErKwAnRrotDbOduNIeBG6NaOxB2xkMLhpIT25o0F5gc\nuYjHPTOi4vEuR8ZXPt+4g0BSKLWbRqY6FZT8spCyoXz1Lg4FlmaR5kVSqst+jQvN\nEpK8yLG/xQCNjwKCAQEAjb2UBT4WLmtJbp8qBN5exLCyWNjAZrkz4AZQ4ybcavYd\nD5Cstn2HAQ36/6gEI/+I6OFR7cWAt0TNshn9z+TFBUOmeCIQhjRG22qCf9MjTOZ0\nLVwzXr/TsPgC7IOLvp6xZLIs0+qmhR9VeaxTW8hBzQTvSDukjLItgPLPsNTiHXN9\nNW29ElB1+L1MnCGD2R9VhfKMu0Hi0wdof8FZrydu9UPo4W7tu4snsLUXyn0IpxbE\nNddRfbo/9plWiHzzcbEoBIOWr+y75PB93hLaeU/ddLPBHSA6N7fMOOwFvzUW9CK9\nJcDevNp7qmUYWAFdv9Ud3GwdIQ+bfp2aIP1DcNp/IQKCAQBBmvoHdepbbww+smNv\nRKo+2yVMf984tLJkyj7t1v1utef9xvUTMWeZMOTnOHgUxtW1NaPuEPYexMpSRbsu\nQC1Fz7PNOjQUn/MGxEW5Uqlfa83+ngq/CJtEPWAQYrJRc5fTOkCmrVn0pjcY4Kj4\nVAhYTHittyGR7vs3q5hzqibNFQPl7ybkx9ilGqpjXQmnkVTgj43wSLVpmnxAHWQ8\nt7iBPvZg37tWnhlyD+wovApmK7uALMNfzmiZtumwnZusWPi7VGVUVLZSaE+0bJA9\n9o5WtnIAAjTqYON2D+1F6wUo003HOlGvHCoTPNqjXuDXuY29tK70BRpS2oveQyt9\nWGabAoIBAQCXGBm8c9f6419oFYe7rpmj/ux42tQXqwoiOYgBuOtyz2E5fe6PvBtt\nVjDHCc2Xje3lPfnKnB+UyA+ugza6l4QGO9eZ2X70dXkPL3f4zJxYPppma+P1HnWW\nioVhnFppQMGJfELWQ6AlXx1ILgF9LuKAWpoh2QbIx++BI0u7XL+8lEBzIqze64ih\nxbutItDeexzFg9o47vSMccIT1fu3LkUOnGJOc3MO1fgfUmbGhAMJTDHBh4PUeFa3\nYczmejKE4WrnoTb2NL3FqzW0OknwEE9F9iS2MnoB/fPUkrWqmtzPe01bpQeqxB7i\nNs/Ujf9tutBQroMk4RZXkDZd3kpu7Rlx\n-----END PRIVATE KEY-----\n",
            "public_key_fingerprint_md5": "f0:ff:17:4e:a6:8d:b3:0e:46:b5:76:45:2e:92:2d:02",
            "public_key_fingerprint_sha256": "SHA256:OC6huR6GPATdv3o2OoXUc1gbwNjcyxLU5XgU/KIB2Tw",
            "public_key_openssh": "ssh-rsa AAAAB3NzaC1yc2EAAAADAQABAAACAQC/8vTAQKLWTEVkZ21TAwWT9+g6V69RvZe4nAGPZHsJ1DBTGJlcef5djk6XJLeAOMXlgHDRi3tQPWq7kgDp1atyOhMvjysuFRu7D+hLGHyl47a9dEIq6aq6lQd0XOKF8u9dbI10DvL4PDkSe5cDnNuFM2cGVm1vX8Q56fsDLIV+e7tvq48z8kFMCulO0Bw6HIpxmAQP1FO62DQ3S/NzY3cpAXp6yG8RfTd2mVjN1+I8uKHibKoa1SWZeIgRVIkrzSlp5BHE/ZMrVywZBgYguLBGNbgTZ3OHLkSZrVXIjNn9KO5682DifVnFzMOH7Hnx0WF3lBCnD9ODf4Vh2mySh7lU8/yYlzyTa32+ik9U/6lZ5pyKeqN7dEeNeflOJw+cy2FsOpLNNbqxt10USnfEUaiQFSi6d8XxGPV+O6+mqcuHU/x253+41wFv5WXHkxzKPlzbVvodocEioVEJkM/7Lckz1EGrEmCb9I2/8wMbRxyQunG+b0P8L7RgkFHWC4vZWWGTmYO3uaAV+PuvipG3VqboXGch3EYMgGe2V1dcwtMj9KI/ubkL1LGnw2nh33w6oaBUQKNpgd0B+mNtK08qXHCey++pCgBlf/8Cmn2+HJV4mYbCLrir0CaZdwlE+7+MEGjgvzoikTA3ShpOd+BUAP8FlxQcR/SMrWg/4CjsWhiwzQ==\n",
            "public_key_pem": "-----BEGIN PUBLIC KEY-----\nMIICIjANBgkqhkiG9w0BAQEFAAOCAg8AMIICCgKCAgEAv/L0wECi1kxFZGdtUwMF\nk/foOlevUb2XuJwBj2R7CdQwUxiZXHn+XY5OlyS3gDjF5YBw0Yt7UD1qu5IA6dWr\ncjoTL48rLhUbuw/oSxh8peO2vXRCKumqupUHdFzihfLvXWyNdA7y+Dw5EnuXA5zb\nhTNnBlZtb1/EOen7AyyFfnu7b6uPM/JBTArpTtAcOhyKcZgED9RTutg0N0vzc2N3\nKQF6eshvEX03dplYzdfiPLih4myqGtUlmXiIEVSJK80paeQRxP2TK1csGQYGILiw\nRjW4E2dzhy5Ema1VyIzZ/SjuevNg4n1ZxczDh+x58dFhd5QQpw/Tg3+FYdpskoe5\nVPP8mJc8k2t9vopPVP+pWeacinqje3RHjXn5TicPnMthbDqSzTW6sbddFEp3xFGo\nkBUounfF8Rj1fjuvpqnLh1P8dud/uNcBb+Vlx5Mcyj5c21b6HaHBIqFRCZDP+y3J\nM9RBqxJgm/SNv/MDG0cckLpxvm9D/C+0YJBR1guL2Vlhk5mDt7mgFfj7r4qRt1am\n6FxnIdxGDIBntldXXMLTI/SiP7m5C9Sxp8Np4d98OqGgVECjaYHdAfpjbStPKlxw\nnsvvqQoAZX//App9vhyVeJmGwi64q9AmmXcJRPu/jBBo4L86IpEwN0oaTnfgVAD/\nBZcUHEf0jK1oP+Ao7FoYsM0CAwEAAQ==\n-----END PUBLIC KEY-----\n",
            "rsa_bits": 4096
          },
          "sensitive_attributes": []
        }
      ]
    }
  ],
  "check_results": null
}
